// !$*UTF8*$!
{
	archiveVersion = 1;
	classes = {
	};
	objectVersion = 46;
	objects = {

/* Begin PBXBuildFile section */
		991661B01509DDA300456495 /* Cocoa.framework in Frameworks */ = {isa = PBXBuildFile; fileRef = 991661AF1509DDA300456495 /* Cocoa.framework */; };
		991661BA1509DDA300456495 /* InfoPlist.strings in Resources */ = {isa = PBXBuildFile; fileRef = 991661B81509DDA300456495 /* InfoPlist.strings */; };
		991661BC1509DDA300456495 /* main.m in Sources */ = {isa = PBXBuildFile; fileRef = 991661BB1509DDA300456495 /* main.m */; };
		991661C01509DDA300456495 /* Credits.rtf in Resources */ = {isa = PBXBuildFile; fileRef = 991661BE1509DDA300456495 /* Credits.rtf */; };
		991661C31509DDA300456495 /* RNAppDelegate.m in Sources */ = {isa = PBXBuildFile; fileRef = 991661C21509DDA300456495 /* RNAppDelegate.m */; };
		991661C61509DDA300456495 /* MainMenu.xib in Resources */ = {isa = PBXBuildFile; fileRef = 991661C41509DDA300456495 /* MainMenu.xib */; };
/* End PBXBuildFile section */

/* Begin PBXFileReference section */
		991661AB1509DDA300456495 /* Cost.app */ = {isa = PBXFileReference; explicitFileType = wrapper.application; includeInIndex = 0; path = Cost.app; sourceTree = BUILT_PRODUCTS_DIR; };
		991661AF1509DDA300456495 /* Cocoa.framework */ = {isa = PBXFileReference; lastKnownFileType = wrapper.framework; name = Cocoa.framework; path = System/Library/Frameworks/Cocoa.framework; sourceTree = SDKROOT; };
		991661B21509DDA300456495 /* AppKit.framework */ = {isa = PBXFileReference; lastKnownFileType = wrapper.framework; name = AppKit.framework; path = System/Library/Frameworks/AppKit.framework; sourceTree = SDKROOT; };
		991661B31509DDA300456495 /* CoreData.framework */ = {isa = PBXFileReference; lastKnownFileType = wrapper.framework; name = CoreData.framework; path = System/Library/Frameworks/CoreData.framework; sourceTree = SDKROOT; };
		991661B41509DDA300456495 /* Foundation.framework */ = {isa = PBXFileReference; lastKnownFileType = wrapper.framework; name = Foundation.framework; path = System/Library/Frameworks/Foundation.framework; sourceTree = SDKROOT; };
		991661B71509DDA300456495 /* Cost-Info.plist */ = {isa = PBXFileReference; path = "Cost-Info.plist"; sourceTree = "<group>"; };
		991661B91509DDA300456495 /* en */ = {isa = PBXFileReference; lastKnownFileType = text.plist.strings; name = en; path = en.lproj/InfoPlist.strings; sourceTree = "<group>"; };
		991661BB1509DDA300456495 /* main.m */ = {isa = PBXFileReference; lastKnownFileType = sourcecode.c.objc; path = main.m; sourceTree = "<group>"; };
		991661BD1509DDA300456495 /* Cost-Prefix.pch */ = {isa = PBXFileReference; path = "Cost-Prefix.pch"; sourceTree = "<group>"; };
		991661BF1509DDA300456495 /* en */ = {isa = PBXFileReference; lastKnownFileType = text.rtf; name = en; path = en.lproj/Credits.rtf; sourceTree = "<group>"; };
		991661C11509DDA300456495 /* RNAppDelegate.h */ = {isa = PBXFileReference; path = RNAppDelegate.h; sourceTree = "<group>"; };
		991661C21509DDA300456495 /* RNAppDelegate.m */ = {isa = PBXFileReference; lastKnownFileType = sourcecode.c.objc; path = RNAppDelegate.m; sourceTree = "<group>"; };
		991661C51509DDA300456495 /* en */ = {isa = PBXFileReference; lastKnownFileType = file.xib; name = en; path = en.lproj/MainMenu.xib; sourceTree = "<group>"; };
/* End PBXFileReference section */

/* Begin PBXFrameworksBuildPhase section */
		991661A81509DDA300456495 /* Frameworks */ = {
			isa = PBXFrameworksBuildPhase;
			buildActionMask = 2147483647;
			files = (
				991661B01509DDA300456495 /* Cocoa.framework in Frameworks */,
			);
			runOnlyForDeploymentPostprocessing = 0;
		};
/* End PBXFrameworksBuildPhase section */

/* Begin PBXGroup section */
		991661A01509DDA300456495 = {
			isa = PBXGroup;
			children = (
				991661B51509DDA300456495 /* Cost */,
				991661AE1509DDA300456495 /* Frameworks */,
				991661AC1509DDA300456495 /* Products */,
			);
			sourceTree = "<group>";
		};
		991661AC1509DDA300456495 /* Products */ = {
			isa = PBXGroup;
			children = (
				991661AB1509DDA300456495 /* Cost.app */,
			);
			name = Products;
			sourceTree = "<group>";
		};
		991661AE1509DDA300456495 /* Frameworks */ = {
			isa = PBXGroup;
			children = (
				991661AF1509DDA300456495 /* Cocoa.framework */,
				991661B11509DDA300456495 /* Other Frameworks */,
			);
			name = Frameworks;
			sourceTree = "<group>";
		};
		991661B11509DDA300456495 /* Other Frameworks */ = {
			isa = PBXGroup;
			children = (
				991661B21509DDA300456495 /* AppKit.framework */,
				991661B31509DDA300456495 /* CoreData.framework */,
				991661B41509DDA300456495 /* Foundation.framework */,
			);
			name = "Other Frameworks";
			sourceTree = "<group>";
		};
		991661B51509DDA300456495 /* Cost */ = {
			isa = PBXGroup;
			children = (
				991661C11509DDA300456495 /* RNAppDelegate.h */,
				991661C21509DDA300456495 /* RNAppDelegate.m */,
				991661C41509DDA300456495 /* MainMenu.xib */,
				991661B61509DDA300456495 /* Supporting Files */,
			);
			path = Cost;
			sourceTree = "<group>";
		};
		991661B61509DDA300456495 /* Supporting Files */ = {
			isa = PBXGroup;
			children = (
				991661B71509DDA300456495 /* Cost-Info.plist */,
				991661B81509DDA300456495 /* InfoPlist.strings */,
				991661BB1509DDA300456495 /* main.m */,
				991661BD1509DDA300456495 /* Cost-Prefix.pch */,
				991661BE1509DDA300456495 /* Credits.rtf */,
			);
			name = "Supporting Files";
			sourceTree = "<group>";
		};
/* End PBXGroup section */

/* Begin PBXNativeTarget section */
		991661AA1509DDA300456495 /* Cost */ = {
			isa = PBXNativeTarget;
			buildConfigurationList = 991661C91509DDA300456495 /* Build configuration list for PBXNativeTarget "Cost" */;
			buildPhases = (
				991661A71509DDA300456495 /* Sources */,
				991661A81509DDA300456495 /* Frameworks */,
				991661A91509DDA300456495 /* Resources */,
			);
			buildRules = (
			);
			dependencies = (
			);
			name = Cost;
			productName = Cost;
			productReference = 991661AB1509DDA300456495 /* Cost.app */;
			productType = "com.apple.product-type.application";
		};
/* End PBXNativeTarget section */

/* Begin PBXProject section */
		991661A21509DDA300456495 /* Project object */ = {
			isa = PBXProject;
			attributes = {
				LastUpgradeCheck = 0420;
			};
			buildConfigurationList = 991661A51509DDA300456495 /* Build configuration list for PBXProject "Cost" */;
			compatibilityVersion = "Xcode 3.2";
			developmentRegion = English;
			hasScannedForEncodings = 0;
			knownRegions = (
				en,
			);
			mainGroup = 991661A01509DDA300456495;
			productRefGroup = 991661AC1509DDA300456495 /* Products */;
			projectDirPath = "";
			projectRoot = "";
			targets = (
				991661AA1509DDA300456495 /* Cost */,
			);
		};
/* End PBXProject section */

/* Begin PBXResourcesBuildPhase section */
		991661A91509DDA300456495 /* Resources */ = {
			isa = PBXResourcesBuildPhase;
			buildActionMask = 2147483647;
			files = (
				991661BA1509DDA300456495 /* InfoPlist.strings in Resources */,
				991661C01509DDA300456495 /* Credits.rtf in Resources */,
				991661C61509DDA300456495 /* MainMenu.xib in Resources */,
			);
			runOnlyForDeploymentPostprocessing = 0;
		};
/* End PBXResourcesBuildPhase section */

/* Begin PBXSourcesBuildPhase section */
		991661A71509DDA300456495 /* Sources */ = {
			isa = PBXSourcesBuildPhase;
			buildActionMask = 2147483647;
			files = (
				991661BC1509DDA300456495 /* main.m in Sources */,
				991661C31509DDA300456495 /* RNAppDelegate.m in Sources */,
			);
			runOnlyForDeploymentPostprocessing = 0;
		};
/* End PBXSourcesBuildPhase section */

/* Begin PBXVariantGroup section */
		991661B81509DDA300456495 /* InfoPlist.strings */ = {
			isa = PBXVariantGroup;
			children = (
				991661B91509DDA300456495 /* en */,
			);
			name = InfoPlist.strings;
			sourceTree = "<group>";
		};
		991661BE1509DDA300456495 /* Credits.rtf */ = {
			isa = PBXVariantGroup;
			children = (
				991661BF1509DDA300456495 /* en */,
			);
			name = Credits.rtf;
			sourceTree = "<group>";
		};
		991661C41509DDA300456495 /* MainMenu.xib */ = {
			isa = PBXVariantGroup;
			children = (
				991661C51509DDA300456495 /* en */,
			);
			name = MainMenu.xib;
			sourceTree = "<group>";
		};
/* End PBXVariantGroup section */

/* Begin XCBuildConfiguration section */
		991661C71509DDA300456495 /* Debug */ = {
			isa = XCBuildConfiguration;
			buildSettings = {
				ALWAYS_SEARCH_USER_PATHS = NO;
				ARCHS = "$(ARCHS_STANDARD_64_BIT)";
				COPY_PHASE_STRIP = NO;
				GCC_C_LANGUAGE_STANDARD = gnu99;
				GCC_DYNAMIC_NO_PIC = NO;
				GCC_ENABLE_OBJC_EXCEPTIONS = YES;
				GCC_OPTIMIZATION_LEVEL = 0;
				GCC_PREPROCESSOR_DEFINITIONS = (
					"DEBUG=1",
					"$(inherited)",
				);
				GCC_SYMBOLS_PRIVATE_EXTERN = NO;
				GCC_VERSION = com.apple.compilers.llvm.clang.1_0;
				GCC_WARN_64_TO_32_BIT_CONVERSION = YES;
				GCC_WARN_ABOUT_MISSING_PROTOTYPES = YES;
				GCC_WARN_ABOUT_RETURN_TYPE = YES;
				GCC_WARN_UNUSED_VARIABLE = YES;
				MACOSX_DEPLOYMENT_TARGET = 10.7;
				ONLY_ACTIVE_ARCH = YES;
				SDKROOT = macosx;
			};
			name = Debug;
		};
		991661C81509DDA300456495 /* Release */ = {
			isa = XCBuildConfiguration;
			buildSettings = {
				ALWAYS_SEARCH_USER_PATHS = NO;
				ARCHS = "$(ARCHS_STANDARD_64_BIT)";
				COPY_PHASE_STRIP = YES;
				DEBUG_INFORMATION_FORMAT = "dwarf-with-dsym";
				GCC_C_LANGUAGE_STANDARD = gnu99;
				GCC_ENABLE_OBJC_EXCEPTIONS = YES;
				GCC_VERSION = com.apple.compilers.llvm.clang.1_0;
				GCC_WARN_64_TO_32_BIT_CONVERSION = YES;
				GCC_WARN_ABOUT_MISSING_PROTOTYPES = YES;
				GCC_WARN_ABOUT_RETURN_TYPE = YES;
				GCC_WARN_UNUSED_VARIABLE = YES;
				MACOSX_DEPLOYMENT_TARGET = 10.7;
				SDKROOT = macosx;
			};
			name = Release;
		};
		991661CA1509DDA300456495 /* Debug */ = {
			isa = XCBuildConfiguration;
			buildSettings = {
				GCC_PRECOMPILE_PREFIX_HEADER = YES;
				GCC_PREFIX_HEADER = "Cost/Cost-Prefix.pch";
				INFOPLIST_FILE = "Cost/Cost-Info.plist";
				PRODUCT_NAME = "$(TARGET_NAME)";
				WRAPPER_EXTENSION = app;
			};
			name = Debug;
		};
		991661CB1509DDA300456495 /* Release */ = {
			isa = XCBuildConfiguration;
			buildSettings = {
				GCC_PRECOMPILE_PREFIX_HEADER = YES;
				GCC_PREFIX_HEADER = "Cost/Cost-Prefix.pch";
				INFOPLIST_FILE = "Cost/Cost-Info.plist";
				PRODUCT_NAME = "$(TARGET_NAME)";
				WRAPPER_EXTENSION = app;
			};
			name = Release;
		};
/* End XCBuildConfiguration section */

/* Begin XCConfigurationList section */
		991661A51509DDA300456495 /* Build configuration list for PBXProject "Cost" */ = {
			isa = XCConfigurationList;
			buildConfigurations = (
				991661C71509DDA300456495 /* Debug */,
				991661C81509DDA300456495 /* Release */,
			);
			defaultConfigurationIsVisible = 0;
			defaultConfigurationName = Release;
		};
		991661C91509DDA300456495 /* Build configuration list for PBXNativeTarget "Cost" */ = {
			isa = XCConfigurationList;
			buildConfigurations = (
				991661CA1509DDA300456495 /* Debug */,
				991661CB1509DDA300456495 /* Release */,
			);
			defaultConfigurationIsVisible = 0;
		};
/* End XCConfigurationList section */
	};
	rootObject = 991661A21509DDA300456495 /* Project object */;
}
